
Microsoft Visual Studio Solution File, Format Version 12.00
# Visual Studio Version 16
VisualStudioVersion = 16.0.30804.86
MinimumVisualStudioVersion = 15.0.26124.0
Project("{2150E333-8FDC-42A3-9474-1A3956D46DE8}") = "Solution Items", "Solution Items", "{BB0A5124-D42C-4BBC-8AE0-F9D841825DFC}"
	ProjectSection(SolutionItems) = preProject
		.editorconfig = .editorconfig
		.gitignore = .gitignore
		LICENSE = LICENSE
		pull_request_template.md = pull_request_template.md
		README.md = README.md
	EndProjectSection
EndProject
Project("{9A19103F-16F7-4668-BE54-9A1E7A4F7556}") = "Shipwright.Oracle", "src\Shipwright.Oracle.csproj", "{2DDB8B92-B29C-46BB-AF31-6C3A36832E0D}"
EndProject
Project("{9A19103F-16F7-4668-BE54-9A1E7A4F7556}") = "Shipwright.Oracle.Test", "test\Shipwright.Oracle.Test.csproj", "{DF4A7006-C542-4726-98A8-7E4149ED3318}"
EndProject
Global
	GlobalSection(SolutionConfigurationPlatforms) = preSolution
		Debug|Any CPU = Debug|Any CPU
		Debug|x64 = Debug|x64
		Debug|x86 = Debug|x86
		Release|Any CPU = Release|Any CPU
		Release|x64 = Release|x64
		Release|x86 = Release|x86
	EndGlobalSection
	GlobalSection(ProjectConfigurationPlatforms) = postSolution
		{2DDB8B92-B29C-46BB-AF31-6C3A36832E0D}.Debug|Any CPU.ActiveCfg = Debug|Any CPU
		{2DDB8B92-B29C-46BB-AF31-6C3A36832E0D}.Debug|Any CPU.Build.0 = Debug|Any CPU
		{2DDB8B92-B29C-46BB-AF31-6C3A36832E0D}.Debug|x64.ActiveCfg = Debug|Any CPU
		{2DDB8B92-B29C-46BB-AF31-6C3A36832E0D}.Debug|x64.Build.0 = Debug|Any CPU
		{2DDB8B92-B29C-46BB-AF31-6C3A36832E0D}.Debug|x86.ActiveCfg = Debug|Any CPU
		{2DDB8B92-B29C-46BB-AF31-6C3A36832E0D}.Debug|x86.Build.0 = Debug|Any CPU
		{2DDB8B92-B29C-46BB-AF31-6C3A36832E0D}.Release|Any CPU.ActiveCfg = Release|Any CPU
		{2DDB8B92-B29C-46BB-AF31-6C3A36832E0D}.Release|Any CPU.Build.0 = Release|Any CPU
		{2DDB8B92-B29C-46BB-AF31-6C3A36832E0D}.Release|x64.ActiveCfg = Release|Any CPU
		{2DDB8B92-B29C-46BB-AF31-6C3A36832E0D}.Release|x64.Build.0 = Release|Any CPU
		{2DDB8B92-B29C-46BB-AF31-6C3A36832E0D}.Release|x86.ActiveCfg = Release|Any CPU
		{2DDB8B92-B29C-46BB-AF31-6C3A36832E0D}.Release|x86.Build.0 = Release|Any CPU
		{DF4A7006-C542-4726-98A8-7E4149ED3318}.Debug|Any CPU.ActiveCfg = Debug|Any CPU
		{DF4A7006-C542-4726-98A8-7E4149ED3318}.Debug|Any CPU.Build.0 = Debug|Any CPU
		{DF4A7006-C542-4726-98A8-7E4149ED3318}.Debug|x64.ActiveCfg = Debug|Any CPU
		{DF4A7006-C542-4726-98A8-7E4149ED3318}.Debug|x64.Build.0 = Debug|Any CPU
		{DF4A7006-C542-4726-98A8-7E4149ED3318}.Debug|x86.ActiveCfg = Debug|Any CPU
		{DF4A7006-C542-4726-98A8-7E4149ED3318}.Debug|x86.Build.0 = Debug|Any CPU
		{DF4A7006-C542-4726-98A8-7E4149ED3318}.Release|Any CPU.ActiveCfg = Release|Any CPU
		{DF4A7006-C542-4726-98A8-7E4149ED3318}.Release|Any CPU.Build.0 = Release|Any CPU
		{DF4A7006-C542-4726-98A8-7E4149ED3318}.Release|x64.ActiveCfg = Release|Any CPU
		{DF4A7006-C542-4726-98A8-7E4149ED3318}.Release|x64.Build.0 = Release|Any CPU
		{DF4A7006-C542-4726-98A8-7E4149ED3318}.Release|x86.ActiveCfg = Release|Any CPU
		{DF4A7006-C542-4726-98A8-7E4149ED3318}.Release|x86.Build.0 = Release|Any CPU
	EndGlobalSection
	GlobalSection(SolutionProperties) = preSolution
		HideSolutionNode = FALSE
	EndGlobalSection
	GlobalSection(ExtensibilityGlobals) = postSolution
		SolutionGuid = {97D3BD27-50FC-4162-A20C-A26BE49BB146}
	EndGlobalSection
EndGlobal
